
Microsoft Visual Studio Solution File, Format Version 12.00
Project("{FAE04EC0-301F-11D3-BF4B-00C04F79EFBC}") = "FleetManagementApp", "FleetManagementApp\FleetManagementApp.csproj", "{7BF93ED8-5932-45D7-B880-CC46987EF0BB}"
EndProject
Project("{FAE04EC0-301F-11D3-BF4B-00C04F79EFBC}") = "FleetManagementAppTest", "FleetManagementAppTest\FleetManagementAppTest.csproj", "{E2C6B7FC-6881-4689-B3E1-BDA962682324}"
EndProject
Project("{FAE04EC0-301F-11D3-BF4B-00C04F79EFBC}") = "ConsoleUI", "ConsoleUI\ConsoleUI.csproj", "{DDF7B766-5C9B-4716-84EC-9F18D347A3AA}"
EndProject
Global
	GlobalSection(SolutionConfigurationPlatforms) = preSolution
		Debug|Any CPU = Debug|Any CPU
		Release|Any CPU = Release|Any CPU
	EndGlobalSection
	GlobalSection(ProjectConfigurationPlatforms) = postSolution
		{7BF93ED8-5932-45D7-B880-CC46987EF0BB}.Debug|Any CPU.ActiveCfg = Debug|Any CPU
		{7BF93ED8-5932-45D7-B880-CC46987EF0BB}.Debug|Any CPU.Build.0 = Debug|Any CPU
		{7BF93ED8-5932-45D7-B880-CC46987EF0BB}.Release|Any CPU.ActiveCfg = Release|Any CPU
		{7BF93ED8-5932-45D7-B880-CC46987EF0BB}.Release|Any CPU.Build.0 = Release|Any CPU
		{E2C6B7FC-6881-4689-B3E1-BDA962682324}.Debug|Any CPU.ActiveCfg = Debug|Any CPU
		{E2C6B7FC-6881-4689-B3E1-BDA962682324}.Debug|Any CPU.Build.0 = Debug|Any CPU
		{E2C6B7FC-6881-4689-B3E1-BDA962682324}.Release|Any CPU.ActiveCfg = Release|Any CPU
		{E2C6B7FC-6881-4689-B3E1-BDA962682324}.Release|Any CPU.Build.0 = Release|Any CPU
		{DDF7B766-5C9B-4716-84EC-9F18D347A3AA}.Debug|Any CPU.ActiveCfg = Debug|Any CPU
		{DDF7B766-5C9B-4716-84EC-9F18D347A3AA}.Debug|Any CPU.Build.0 = Debug|Any CPU
		{DDF7B766-5C9B-4716-84EC-9F18D347A3AA}.Release|Any CPU.ActiveCfg = Release|Any CPU
		{DDF7B766-5C9B-4716-84EC-9F18D347A3AA}.Release|Any CPU.Build.0 = Release|Any CPU
	EndGlobalSection
EndGlobal
