
Microsoft Visual Studio Solution File, Format Version 12.00
Project("{FAE04EC0-301F-11D3-BF4B-00C04F79EFBC}") = "Navtor_intern_task", "Navtor_intern_task\Navtor_intern_task.csproj", "{7BF93ED8-5932-45D7-B880-CC46987EF0BB}"
EndProject
Global
	GlobalSection(SolutionConfigurationPlatforms) = preSolution
		Debug|Any CPU = Debug|Any CPU
		Release|Any CPU = Release|Any CPU
	EndGlobalSection
	GlobalSection(ProjectConfigurationPlatforms) = postSolution
		{7BF93ED8-5932-45D7-B880-CC46987EF0BB}.Debug|Any CPU.ActiveCfg = Debug|Any CPU
		{7BF93ED8-5932-45D7-B880-CC46987EF0BB}.Debug|Any CPU.Build.0 = Debug|Any CPU
		{7BF93ED8-5932-45D7-B880-CC46987EF0BB}.Release|Any CPU.ActiveCfg = Release|Any CPU
		{7BF93ED8-5932-45D7-B880-CC46987EF0BB}.Release|Any CPU.Build.0 = Release|Any CPU
	EndGlobalSection
EndGlobal
